// !$*UTF8*$!
{
	archiveVersion = 1;
	classes = {
	};
	objectVersion = 50;
	objects = {

/* Begin PBXBuildFile section */
		3C869C61264103E10022E649 /* AppDelegate.swift in Sources */ = {isa = PBXBuildFile; fileRef = 3C869C60264103E10022E649 /* AppDelegate.swift */; };
		3C869C63264103E10022E649 /* GameScene.sks in Resources */ = {isa = PBXBuildFile; fileRef = 3C869C62264103E10022E649 /* GameScene.sks */; };
		3C869C65264103E10022E649 /* Actions.sks in Resources */ = {isa = PBXBuildFile; fileRef = 3C869C64264103E10022E649 /* Actions.sks */; };
		3C869C67264103E10022E649 /* GameScene.swift in Sources */ = {isa = PBXBuildFile; fileRef = 3C869C66264103E10022E649 /* GameScene.swift */; };
		3C869C69264103E10022E649 /* GameViewController.swift in Sources */ = {isa = PBXBuildFile; fileRef = 3C869C68264103E10022E649 /* GameViewController.swift */; };
		3C869C6C264103E10022E649 /* Main.storyboard in Resources */ = {isa = PBXBuildFile; fileRef = 3C869C6A264103E10022E649 /* Main.storyboard */; };
		3C869C6E264103E90022E649 /* Assets.xcassets in Resources */ = {isa = PBXBuildFile; fileRef = 3C869C6D264103E90022E649 /* Assets.xcassets */; };
		3C869C82264107BA0022E649 /* sliceHitBomb.sks in Resources */ = {isa = PBXBuildFile; fileRef = 3C869C77264107B80022E649 /* sliceHitBomb.sks */; };
		3C869C83264107BA0022E649 /* swoosh1.caf in Resources */ = {isa = PBXBuildFile; fileRef = 3C869C78264107B80022E649 /* swoosh1.caf */; };
		3C869C84264107BA0022E649 /* sliceBombFuse.caf in Resources */ = {isa = PBXBuildFile; fileRef = 3C869C79264107B80022E649 /* sliceBombFuse.caf */; };
		3C869C85264107BA0022E649 /* sliceHitEnemy.sks in Resources */ = {isa = PBXBuildFile; fileRef = 3C869C7A264107B90022E649 /* sliceHitEnemy.sks */; };
		3C869C86264107BA0022E649 /* swoosh2.caf in Resources */ = {isa = PBXBuildFile; fileRef = 3C869C7B264107B90022E649 /* swoosh2.caf */; };
		3C869C87264107BA0022E649 /* wrong.caf in Resources */ = {isa = PBXBuildFile; fileRef = 3C869C7C264107B90022E649 /* wrong.caf */; };
		3C869C88264107BA0022E649 /* swoosh3.caf in Resources */ = {isa = PBXBuildFile; fileRef = 3C869C7D264107B90022E649 /* swoosh3.caf */; };
		3C869C89264107BA0022E649 /* explosion.caf in Resources */ = {isa = PBXBuildFile; fileRef = 3C869C7E264107BA0022E649 /* explosion.caf */; };
		3C869C8A264107BA0022E649 /* whack.caf in Resources */ = {isa = PBXBuildFile; fileRef = 3C869C7F264107BA0022E649 /* whack.caf */; };
		3C869C8B264107BA0022E649 /* sliceFuse.sks in Resources */ = {isa = PBXBuildFile; fileRef = 3C869C80264107BA0022E649 /* sliceFuse.sks */; };
		3C869C8C264107BA0022E649 /* launch.caf in Resources */ = {isa = PBXBuildFile; fileRef = 3C869C81264107BA0022E649 /* launch.caf */; };
/* End PBXBuildFile section */

/* Begin PBXFileReference section */
		3C869C5D264103E10022E649 /* HWS_Project23.app */ = {isa = PBXFileReference; explicitFileType = wrapper.application; includeInIndex = 0; path = HWS_Project23.app; sourceTree = BUILT_PRODUCTS_DIR; };
		3C869C60264103E10022E649 /* AppDelegate.swift */ = {isa = PBXFileReference; lastKnownFileType = sourcecode.swift; path = AppDelegate.swift; sourceTree = "<group>"; };
		3C869C62264103E10022E649 /* GameScene.sks */ = {isa = PBXFileReference; lastKnownFileType = file.sks; path = GameScene.sks; sourceTree = "<group>"; };
		3C869C64264103E10022E649 /* Actions.sks */ = {isa = PBXFileReference; lastKnownFileType = file.sks; path = Actions.sks; sourceTree = "<group>"; };
		3C869C66264103E10022E649 /* GameScene.swift */ = {isa = PBXFileReference; lastKnownFileType = sourcecode.swift; path = GameScene.swift; sourceTree = "<group>"; };
		3C869C68264103E10022E649 /* GameViewController.swift */ = {isa = PBXFileReference; lastKnownFileType = sourcecode.swift; path = GameViewController.swift; sourceTree = "<group>"; };
		3C869C6B264103E10022E649 /* Base */ = {isa = PBXFileReference; lastKnownFileType = file.storyboard; name = Base; path = Base.lproj/Main.storyboard; sourceTree = "<group>"; };
		3C869C6D264103E90022E649 /* Assets.xcassets */ = {isa = PBXFileReference; lastKnownFileType = folder.assetcatalog; path = Assets.xcassets; sourceTree = "<group>"; };
		3C869C6F264103E90022E649 /* Info.plist */ = {isa = PBXFileReference; lastKnownFileType = text.plist.xml; path = Info.plist; sourceTree = "<group>"; };
		3C869C77264107B80022E649 /* sliceHitBomb.sks */ = {isa = PBXFileReference; lastKnownFileType = file.sks; path = sliceHitBomb.sks; sourceTree = "<group>"; };
		3C869C78264107B80022E649 /* swoosh1.caf */ = {isa = PBXFileReference; lastKnownFileType = file; path = swoosh1.caf; sourceTree = "<group>"; };
		3C869C79264107B80022E649 /* sliceBombFuse.caf */ = {isa = PBXFileReference; lastKnownFileType = file; path = sliceBombFuse.caf; sourceTree = "<group>"; };
		3C869C7A264107B90022E649 /* sliceHitEnemy.sks */ = {isa = PBXFileReference; lastKnownFileType = file.sks; path = sliceHitEnemy.sks; sourceTree = "<group>"; };
		3C869C7B264107B90022E649 /* swoosh2.caf */ = {isa = PBXFileReference; lastKnownFileType = file; path = swoosh2.caf; sourceTree = "<group>"; };
		3C869C7C264107B90022E649 /* wrong.caf */ = {isa = PBXFileReference; lastKnownFileType = file; path = wrong.caf; sourceTree = "<group>"; };
		3C869C7D264107B90022E649 /* swoosh3.caf */ = {isa = PBXFileReference; lastKnownFileType = file; path = swoosh3.caf; sourceTree = "<group>"; };
		3C869C7E264107BA0022E649 /* explosion.caf */ = {isa = PBXFileReference; lastKnownFileType = file; path = explosion.caf; sourceTree = "<group>"; };
		3C869C7F264107BA0022E649 /* whack.caf */ = {isa = PBXFileReference; lastKnownFileType = file; path = whack.caf; sourceTree = "<group>"; };
		3C869C80264107BA0022E649 /* sliceFuse.sks */ = {isa = PBXFileReference; lastKnownFileType = file.sks; path = sliceFuse.sks; sourceTree = "<group>"; };
		3C869C81264107BA0022E649 /* launch.caf */ = {isa = PBXFileReference; lastKnownFileType = file; path = launch.caf; sourceTree = "<group>"; };
/* End PBXFileReference section */

/* Begin PBXFrameworksBuildPhase section */
		3C869C5A264103E10022E649 /* Frameworks */ = {
			isa = PBXFrameworksBuildPhase;
			buildActionMask = 2147483647;
			files = (
			);
			runOnlyForDeploymentPostprocessing = 0;
		};
/* End PBXFrameworksBuildPhase section */

/* Begin PBXGroup section */
		3C869C54264103E10022E649 = {
			isa = PBXGroup;
			children = (
				3C869C5F264103E10022E649 /* HWS_Project23 */,
				3C869C5E264103E10022E649 /* Products */,
			);
			sourceTree = "<group>";
		};
		3C869C5E264103E10022E649 /* Products */ = {
			isa = PBXGroup;
			children = (
				3C869C5D264103E10022E649 /* HWS_Project23.app */,
			);
			name = Products;
			sourceTree = "<group>";
		};
		3C869C5F264103E10022E649 /* HWS_Project23 */ = {
			isa = PBXGroup;
			children = (
				3C869C60264103E10022E649 /* AppDelegate.swift */,
				3C869C62264103E10022E649 /* GameScene.sks */,
				3C869C64264103E10022E649 /* Actions.sks */,
				3C869C66264103E10022E649 /* GameScene.swift */,
				3C869C68264103E10022E649 /* GameViewController.swift */,
				3C869C6A264103E10022E649 /* Main.storyboard */,
				3C869C6D264103E90022E649 /* Assets.xcassets */,
				3C869C6F264103E90022E649 /* Info.plist */,
				3C869C7E264107BA0022E649 /* explosion.caf */,
				3C869C81264107BA0022E649 /* launch.caf */,
				3C869C79264107B80022E649 /* sliceBombFuse.caf */,
				3C869C80264107BA0022E649 /* sliceFuse.sks */,
				3C869C77264107B80022E649 /* sliceHitBomb.sks */,
				3C869C7A264107B90022E649 /* sliceHitEnemy.sks */,
				3C869C78264107B80022E649 /* swoosh1.caf */,
				3C869C7B264107B90022E649 /* swoosh2.caf */,
				3C869C7D264107B90022E649 /* swoosh3.caf */,
				3C869C7F264107BA0022E649 /* whack.caf */,
				3C869C7C264107B90022E649 /* wrong.caf */,
			);
			path = HWS_Project23;
			sourceTree = "<group>";
		};
/* End PBXGroup section */

/* Begin PBXNativeTarget section */
		3C869C5C264103E10022E649 /* HWS_Project23 */ = {
			isa = PBXNativeTarget;
			buildConfigurationList = 3C869C72264103E90022E649 /* Build configuration list for PBXNativeTarget "HWS_Project23" */;
			buildPhases = (
				3C869C59264103E10022E649 /* Sources */,
				3C869C5A264103E10022E649 /* Frameworks */,
				3C869C5B264103E10022E649 /* Resources */,
			);
			buildRules = (
			);
			dependencies = (
			);
			name = HWS_Project23;
			productName = HWS_Project23;
			productReference = 3C869C5D264103E10022E649 /* HWS_Project23.app */;
			productType = "com.apple.product-type.application";
		};
/* End PBXNativeTarget section */

/* Begin PBXProject section */
		3C869C55264103E10022E649 /* Project object */ = {
			isa = PBXProject;
			attributes = {
				LastSwiftUpdateCheck = 1240;
				LastUpgradeCheck = 1240;
				TargetAttributes = {
					3C869C5C264103E10022E649 = {
						CreatedOnToolsVersion = 12.4;
					};
				};
			};
			buildConfigurationList = 3C869C58264103E10022E649 /* Build configuration list for PBXProject "HWS_Project23" */;
			compatibilityVersion = "Xcode 9.3";
			developmentRegion = en;
			hasScannedForEncodings = 0;
			knownRegions = (
				en,
				Base,
			);
			mainGroup = 3C869C54264103E10022E649;
			productRefGroup = 3C869C5E264103E10022E649 /* Products */;
			projectDirPath = "";
			projectRoot = "";
			targets = (
				3C869C5C264103E10022E649 /* HWS_Project23 */,
			);
		};
/* End PBXProject section */

/* Begin PBXResourcesBuildPhase section */
		3C869C5B264103E10022E649 /* Resources */ = {
			isa = PBXResourcesBuildPhase;
			buildActionMask = 2147483647;
			files = (
				3C869C88264107BA0022E649 /* swoosh3.caf in Resources */,
				3C869C8C264107BA0022E649 /* launch.caf in Resources */,
				3C869C6C264103E10022E649 /* Main.storyboard in Resources */,
				3C869C63264103E10022E649 /* GameScene.sks in Resources */,
				3C869C6E264103E90022E649 /* Assets.xcassets in Resources */,
				3C869C85264107BA0022E649 /* sliceHitEnemy.sks in Resources */,
				3C869C8B264107BA0022E649 /* sliceFuse.sks in Resources */,
				3C869C65264103E10022E649 /* Actions.sks in Resources */,
				3C869C89264107BA0022E649 /* explosion.caf in Resources */,
				3C869C8A264107BA0022E649 /* whack.caf in Resources */,
				3C869C86264107BA0022E649 /* swoosh2.caf in Resources */,
				3C869C82264107BA0022E649 /* sliceHitBomb.sks in Resources */,
				3C869C84264107BA0022E649 /* sliceBombFuse.caf in Resources */,
				3C869C87264107BA0022E649 /* wrong.caf in Resources */,
				3C869C83264107BA0022E649 /* swoosh1.caf in Resources */,
			);
			runOnlyForDeploymentPostprocessing = 0;
		};
/* End PBXResourcesBuildPhase section */

/* Begin PBXSourcesBuildPhase section */
		3C869C59264103E10022E649 /* Sources */ = {
			isa = PBXSourcesBuildPhase;
			buildActionMask = 2147483647;
			files = (
				3C869C67264103E10022E649 /* GameScene.swift in Sources */,
				3C869C69264103E10022E649 /* GameViewController.swift in Sources */,
				3C869C61264103E10022E649 /* AppDelegate.swift in Sources */,
			);
			runOnlyForDeploymentPostprocessing = 0;
		};
/* End PBXSourcesBuildPhase section */

/* Begin PBXVariantGroup section */
		3C869C6A264103E10022E649 /* Main.storyboard */ = {
			isa = PBXVariantGroup;
			children = (
				3C869C6B264103E10022E649 /* Base */,
			);
			name = Main.storyboard;
			sourceTree = "<group>";
		};
/* End PBXVariantGroup section */

/* Begin XCBuildConfiguration section */
		3C869C70264103E90022E649 /* Debug */ = {
			isa = XCBuildConfiguration;
			buildSettings = {
				ALWAYS_SEARCH_USER_PATHS = NO;
				CLANG_ANALYZER_NONNULL = YES;
				CLANG_ANALYZER_NUMBER_OBJECT_CONVERSION = YES_AGGRESSIVE;
				CLANG_CXX_LANGUAGE_STANDARD = "gnu++14";
				CLANG_CXX_LIBRARY = "libc++";
				CLANG_ENABLE_MODULES = YES;
				CLANG_ENABLE_OBJC_ARC = YES;
				CLANG_ENABLE_OBJC_WEAK = YES;
				CLANG_WARN_BLOCK_CAPTURE_AUTORELEASING = YES;
				CLANG_WARN_BOOL_CONVERSION = YES;
				CLANG_WARN_COMMA = YES;
				CLANG_WARN_CONSTANT_CONVERSION = YES;
				CLANG_WARN_DEPRECATED_OBJC_IMPLEMENTATIONS = YES;
				CLANG_WARN_DIRECT_OBJC_ISA_USAGE = YES_ERROR;
				CLANG_WARN_DOCUMENTATION_COMMENTS = YES;
				CLANG_WARN_EMPTY_BODY = YES;
				CLANG_WARN_ENUM_CONVERSION = YES;
				CLANG_WARN_INFINITE_RECURSION = YES;
				CLANG_WARN_INT_CONVERSION = YES;
				CLANG_WARN_NON_LITERAL_NULL_CONVERSION = YES;
				CLANG_WARN_OBJC_IMPLICIT_RETAIN_SELF = YES;
				CLANG_WARN_OBJC_LITERAL_CONVERSION = YES;
				CLANG_WARN_OBJC_ROOT_CLASS = YES_ERROR;
				CLANG_WARN_QUOTED_INCLUDE_IN_FRAMEWORK_HEADER = YES;
				CLANG_WARN_RANGE_LOOP_ANALYSIS = YES;
				CLANG_WARN_STRICT_PROTOTYPES = YES;
				CLANG_WARN_SUSPICIOUS_MOVE = YES;
				CLANG_WARN_UNGUARDED_AVAILABILITY = YES_AGGRESSIVE;
				CLANG_WARN_UNREACHABLE_CODE = YES;
				CLANG_WARN__DUPLICATE_METHOD_MATCH = YES;
				COPY_PHASE_STRIP = NO;
				DEBUG_INFORMATION_FORMAT = dwarf;
				ENABLE_STRICT_OBJC_MSGSEND = YES;
				ENABLE_TESTABILITY = YES;
				GCC_C_LANGUAGE_STANDARD = gnu11;
				GCC_DYNAMIC_NO_PIC = NO;
				GCC_NO_COMMON_BLOCKS = YES;
				GCC_OPTIMIZATION_LEVEL = 0;
				GCC_PREPROCESSOR_DEFINITIONS = (
					"DEBUG=1",
					"$(inherited)",
				);
				GCC_WARN_64_TO_32_BIT_CONVERSION = YES;
				GCC_WARN_ABOUT_RETURN_TYPE = YES_ERROR;
				GCC_WARN_UNDECLARED_SELECTOR = YES;
				GCC_WARN_UNINITIALIZED_AUTOS = YES_AGGRESSIVE;
				GCC_WARN_UNUSED_FUNCTION = YES;
				GCC_WARN_UNUSED_VARIABLE = YES;
				IPHONEOS_DEPLOYMENT_TARGET = 14.4;
				MTL_ENABLE_DEBUG_INFO = INCLUDE_SOURCE;
				MTL_FAST_MATH = YES;
				ONLY_ACTIVE_ARCH = YES;
				SDKROOT = iphoneos;
				SWIFT_ACTIVE_COMPILATION_CONDITIONS = DEBUG;
				SWIFT_OPTIMIZATION_LEVEL = "-Onone";
			};
			name = Debug;
		};
		3C869C71264103E90022E649 /* Release */ = {
			isa = XCBuildConfiguration;
			buildSettings = {
				ALWAYS_SEARCH_USER_PATHS = NO;
				CLANG_ANALYZER_NONNULL = YES;
				CLANG_ANALYZER_NUMBER_OBJECT_CONVERSION = YES_AGGRESSIVE;
				CLANG_CXX_LANGUAGE_STANDARD = "gnu++14";
				CLANG_CXX_LIBRARY = "libc++";
				CLANG_ENABLE_MODULES = YES;
				CLANG_ENABLE_OBJC_ARC = YES;
				CLANG_ENABLE_OBJC_WEAK = YES;
				CLANG_WARN_BLOCK_CAPTURE_AUTORELEASING = YES;
				CLANG_WARN_BOOL_CONVERSION = YES;
				CLANG_WARN_COMMA = YES;
				CLANG_WARN_CONSTANT_CONVERSION = YES;
				CLANG_WARN_DEPRECATED_OBJC_IMPLEMENTATIONS = YES;
				CLANG_WARN_DIRECT_OBJC_ISA_USAGE = YES_ERROR;
				CLANG_WARN_DOCUMENTATION_COMMENTS = YES;
				CLANG_WARN_EMPTY_BODY = YES;
				CLANG_WARN_ENUM_CONVERSION = YES;
				CLANG_WARN_INFINITE_RECURSION = YES;
				CLANG_WARN_INT_CONVERSION = YES;
				CLANG_WARN_NON_LITERAL_NULL_CONVERSION = YES;
				CLANG_WARN_OBJC_IMPLICIT_RETAIN_SELF = YES;
				CLANG_WARN_OBJC_LITERAL_CONVERSION = YES;
				CLANG_WARN_OBJC_ROOT_CLASS = YES_ERROR;
				CLANG_WARN_QUOTED_INCLUDE_IN_FRAMEWORK_HEADER = YES;
				CLANG_WARN_RANGE_LOOP_ANALYSIS = YES;
				CLANG_WARN_STRICT_PROTOTYPES = YES;
				CLANG_WARN_SUSPICIOUS_MOVE = YES;
				CLANG_WARN_UNGUARDED_AVAILABILITY = YES_AGGRESSIVE;
				CLANG_WARN_UNREACHABLE_CODE = YES;
				CLANG_WARN__DUPLICATE_METHOD_MATCH = YES;
				COPY_PHASE_STRIP = NO;
				DEBUG_INFORMATION_FORMAT = "dwarf-with-dsym";
				ENABLE_NS_ASSERTIONS = NO;
				ENABLE_STRICT_OBJC_MSGSEND = YES;
				GCC_C_LANGUAGE_STANDARD = gnu11;
				GCC_NO_COMMON_BLOCKS = YES;
				GCC_WARN_64_TO_32_BIT_CONVERSION = YES;
				GCC_WARN_ABOUT_RETURN_TYPE = YES_ERROR;
				GCC_WARN_UNDECLARED_SELECTOR = YES;
				GCC_WARN_UNINITIALIZED_AUTOS = YES_AGGRESSIVE;
				GCC_WARN_UNUSED_FUNCTION = YES;
				GCC_WARN_UNUSED_VARIABLE = YES;
				IPHONEOS_DEPLOYMENT_TARGET = 14.4;
				MTL_ENABLE_DEBUG_INFO = NO;
				MTL_FAST_MATH = YES;
				SDKROOT = iphoneos;
				SWIFT_COMPILATION_MODE = wholemodule;
				SWIFT_OPTIMIZATION_LEVEL = "-O";
				VALIDATE_PRODUCT = YES;
			};
			name = Release;
		};
		3C869C73264103E90022E649 /* Debug */ = {
			isa = XCBuildConfiguration;
			buildSettings = {
				ASSETCATALOG_COMPILER_APPICON_NAME = AppIcon;
				ASSETCATALOG_COMPILER_GLOBAL_ACCENT_COLOR_NAME = AccentColor;
				CODE_SIGN_STYLE = Automatic;
				DEVELOPMENT_TEAM = 8SV798S53Y;
				INFOPLIST_FILE = HWS_Project23/Info.plist;
				LD_RUNPATH_SEARCH_PATHS = (
					"$(inherited)",
					"@executable_path/Frameworks",
				);
				PRODUCT_BUNDLE_IDENTIFIER = "com.Jinapps.HWS-Project23";
				PRODUCT_NAME = "$(TARGET_NAME)";
				SWIFT_VERSION = 5.0;
				TARGETED_DEVICE_FAMILY = 2;
			};
			name = Debug;
		};
		3C869C74264103E90022E649 /* Release */ = {
			isa = XCBuildConfiguration;
			buildSettings = {
				ASSETCATALOG_COMPILER_APPICON_NAME = AppIcon;
				ASSETCATALOG_COMPILER_GLOBAL_ACCENT_COLOR_NAME = AccentColor;
				CODE_SIGN_STYLE = Automatic;
				DEVELOPMENT_TEAM = 8SV798S53Y;
				INFOPLIST_FILE = HWS_Project23/Info.plist;
				LD_RUNPATH_SEARCH_PATHS = (
					"$(inherited)",
					"@executable_path/Frameworks",
				);
				PRODUCT_BUNDLE_IDENTIFIER = "com.Jinapps.HWS-Project23";
				PRODUCT_NAME = "$(TARGET_NAME)";
				SWIFT_VERSION = 5.0;
				TARGETED_DEVICE_FAMILY = 2;
			};
			name = Release;
		};
/* End XCBuildConfiguration section */

/* Begin XCConfigurationList section */
		3C869C58264103E10022E649 /* Build configuration list for PBXProject "HWS_Project23" */ = {
			isa = XCConfigurationList;
			buildConfigurations = (
				3C869C70264103E90022E649 /* Debug */,
				3C869C71264103E90022E649 /* Release */,
			);
			defaultConfigurationIsVisible = 0;
			defaultConfigurationName = Release;
		};
		3C869C72264103E90022E649 /* Build configuration list for PBXNativeTarget "HWS_Project23" */ = {
			isa = XCConfigurationList;
			buildConfigurations = (
				3C869C73264103E90022E649 /* Debug */,
				3C869C74264103E90022E649 /* Release */,
			);
			defaultConfigurationIsVisible = 0;
			defaultConfigurationName = Release;
		};
/* End XCConfigurationList section */
	};
	rootObject = 3C869C55264103E10022E649 /* Project object */;
}
